
Microsoft Visual Studio Solution File, Format Version 12.00
# Visual Studio Version 16
VisualStudioVersion = 16.0.30406.217
MinimumVisualStudioVersion = 10.0.40219.1
Project("{9A19103F-16F7-4668-BE54-9A1E7A4F7556}") = "CadastroDePessoas", "CadastroDePessoas\CadastroDePessoas.csproj", "{43971505-E679-479D-B0FB-3E04A869358F}"
EndProject
Project("{FAE04EC0-301F-11D3-BF4B-00C04F79EFBC}") = "Infrastructure", "Infrastructure\Infrastructure.csproj", "{C87A3AE0-432F-4D31-8459-EEA1C8C7651F}"
EndProject
Project("{FAE04EC0-301F-11D3-BF4B-00C04F79EFBC}") = "Domain", "Domain\Domain.csproj", "{DEF6E6BA-2AD4-44C3-B373-71469E75D5A6}"
EndProject
Global
	GlobalSection(SolutionConfigurationPlatforms) = preSolution
		Debug|Any CPU = Debug|Any CPU
		Release|Any CPU = Release|Any CPU
	EndGlobalSection
	GlobalSection(ProjectConfigurationPlatforms) = postSolution
		{43971505-E679-479D-B0FB-3E04A869358F}.Debug|Any CPU.ActiveCfg = Debug|Any CPU
		{43971505-E679-479D-B0FB-3E04A869358F}.Debug|Any CPU.Build.0 = Debug|Any CPU
		{43971505-E679-479D-B0FB-3E04A869358F}.Release|Any CPU.ActiveCfg = Release|Any CPU
		{43971505-E679-479D-B0FB-3E04A869358F}.Release|Any CPU.Build.0 = Release|Any CPU
		{C87A3AE0-432F-4D31-8459-EEA1C8C7651F}.Debug|Any CPU.ActiveCfg = Debug|Any CPU
		{C87A3AE0-432F-4D31-8459-EEA1C8C7651F}.Debug|Any CPU.Build.0 = Debug|Any CPU
		{C87A3AE0-432F-4D31-8459-EEA1C8C7651F}.Release|Any CPU.ActiveCfg = Release|Any CPU
		{C87A3AE0-432F-4D31-8459-EEA1C8C7651F}.Release|Any CPU.Build.0 = Release|Any CPU
		{DEF6E6BA-2AD4-44C3-B373-71469E75D5A6}.Debug|Any CPU.ActiveCfg = Debug|Any CPU
		{DEF6E6BA-2AD4-44C3-B373-71469E75D5A6}.Debug|Any CPU.Build.0 = Debug|Any CPU
		{DEF6E6BA-2AD4-44C3-B373-71469E75D5A6}.Release|Any CPU.ActiveCfg = Release|Any CPU
		{DEF6E6BA-2AD4-44C3-B373-71469E75D5A6}.Release|Any CPU.Build.0 = Release|Any CPU
	EndGlobalSection
	GlobalSection(SolutionProperties) = preSolution
		HideSolutionNode = FALSE
	EndGlobalSection
	GlobalSection(ExtensibilityGlobals) = postSolution
		SolutionGuid = {884B04AB-D7FF-47D2-9F30-6DFC9A2A7476}
	EndGlobalSection
EndGlobal
